
Microsoft Visual Studio Solution File, Format Version 12.00
# Visual Studio Version 16
VisualStudioVersion = 16.0.29709.97
MinimumVisualStudioVersion = 10.0.40219.1
Project("{9A19103F-16F7-4668-BE54-9A1E7A4F7556}") = "Tomas.Kernel", "Tomas.Kernel\Tomas.Kernel.csproj", "{AF6338C3-342A-4A12-A25C-2D53C5568DA8}"
EndProject
Project("{9A19103F-16F7-4668-BE54-9A1E7A4F7556}") = "Tomas.Common", "Tomas.Common\Tomas.Common.csproj", "{C50F3A6F-CFF4-4725-A1A5-21C5A2BC3321}"
EndProject
Project("{2150E333-8FDC-42A3-9474-1A3956D46DE8}") = "Solution Items", "Solution Items", "{59C9B3FC-B1EE-4C23-9BD9-D33074BF1334}"
	ProjectSection(SolutionItems) = preProject
		.editorconfig = .editorconfig
		..\Changelog.md = ..\Changelog.md
		..\README.md = ..\README.md
		TOMAS.sln.licenseheader = TOMAS.sln.licenseheader
	EndProjectSection
EndProject
Project("{FAE04EC0-301F-11D3-BF4B-00C04F79EFBC}") = "Tomas.Interface", "Tomas.Interface\Tomas.Interface.csproj", "{DAA9EDF4-83C7-4271-9805-FD6CE29E1796}"
EndProject
Project("{FAE04EC0-301F-11D3-BF4B-00C04F79EFBC}") = "Tomas.Terminal", "Tomas.Terminal\Tomas.Terminal.csproj", "{49E67E55-F9D2-419A-8097-38F39E98A95E}"
EndProject
Global
	GlobalSection(SolutionConfigurationPlatforms) = preSolution
		Debug|Any CPU = Debug|Any CPU
		Release|Any CPU = Release|Any CPU
	EndGlobalSection
	GlobalSection(ProjectConfigurationPlatforms) = postSolution
		{AF6338C3-342A-4A12-A25C-2D53C5568DA8}.Debug|Any CPU.ActiveCfg = Debug|Any CPU
		{AF6338C3-342A-4A12-A25C-2D53C5568DA8}.Debug|Any CPU.Build.0 = Debug|Any CPU
		{AF6338C3-342A-4A12-A25C-2D53C5568DA8}.Release|Any CPU.ActiveCfg = Release|Any CPU
		{AF6338C3-342A-4A12-A25C-2D53C5568DA8}.Release|Any CPU.Build.0 = Release|Any CPU
		{C50F3A6F-CFF4-4725-A1A5-21C5A2BC3321}.Debug|Any CPU.ActiveCfg = Debug|Any CPU
		{C50F3A6F-CFF4-4725-A1A5-21C5A2BC3321}.Debug|Any CPU.Build.0 = Debug|Any CPU
		{C50F3A6F-CFF4-4725-A1A5-21C5A2BC3321}.Release|Any CPU.ActiveCfg = Release|Any CPU
		{C50F3A6F-CFF4-4725-A1A5-21C5A2BC3321}.Release|Any CPU.Build.0 = Release|Any CPU
		{DAA9EDF4-83C7-4271-9805-FD6CE29E1796}.Debug|Any CPU.ActiveCfg = Debug|Any CPU
		{DAA9EDF4-83C7-4271-9805-FD6CE29E1796}.Debug|Any CPU.Build.0 = Debug|Any CPU
		{DAA9EDF4-83C7-4271-9805-FD6CE29E1796}.Release|Any CPU.ActiveCfg = Release|Any CPU
		{DAA9EDF4-83C7-4271-9805-FD6CE29E1796}.Release|Any CPU.Build.0 = Release|Any CPU
		{49E67E55-F9D2-419A-8097-38F39E98A95E}.Debug|Any CPU.ActiveCfg = Debug|Any CPU
		{49E67E55-F9D2-419A-8097-38F39E98A95E}.Debug|Any CPU.Build.0 = Debug|Any CPU
		{49E67E55-F9D2-419A-8097-38F39E98A95E}.Release|Any CPU.ActiveCfg = Release|Any CPU
		{49E67E55-F9D2-419A-8097-38F39E98A95E}.Release|Any CPU.Build.0 = Release|Any CPU
	EndGlobalSection
	GlobalSection(SolutionProperties) = preSolution
		HideSolutionNode = FALSE
	EndGlobalSection
	GlobalSection(ExtensibilityGlobals) = postSolution
		SolutionGuid = {E8F84667-6E48-4F4D-88EF-1703BF17D5F9}
	EndGlobalSection
EndGlobal
